
Microsoft Visual Studio Solution File, Format Version 12.00
# Visual Studio Version 17
VisualStudioVersion = 17.11.35219.272
MinimumVisualStudioVersion = 10.0.40219.1
Project("{FAE04EC0-301F-11D3-BF4B-00C04F79EFBC}") = "Day2", "Day2\Day2.csproj", "{D4025555-D9F9-4947-8649-88F80A61351F}"
EndProject
Project("{FAE04EC0-301F-11D3-BF4B-00C04F79EFBC}") = "ConsoleApp1", "ConsoleApp1\ConsoleApp1.csproj", "{2D7BC39F-3616-4202-AE69-2D7BB7DE24E3}"
EndProject
Global
	GlobalSection(SolutionConfigurationPlatforms) = preSolution
		Debug|Any CPU = Debug|Any CPU
		Release|Any CPU = Release|Any CPU
	EndGlobalSection
	GlobalSection(ProjectConfigurationPlatforms) = postSolution
		{D4025555-D9F9-4947-8649-88F80A61351F}.Debug|Any CPU.ActiveCfg = Debug|Any CPU
		{D4025555-D9F9-4947-8649-88F80A61351F}.Debug|Any CPU.Build.0 = Debug|Any CPU
		{D4025555-D9F9-4947-8649-88F80A61351F}.Release|Any CPU.ActiveCfg = Release|Any CPU
		{D4025555-D9F9-4947-8649-88F80A61351F}.Release|Any CPU.Build.0 = Release|Any CPU
		{2D7BC39F-3616-4202-AE69-2D7BB7DE24E3}.Debug|Any CPU.ActiveCfg = Debug|Any CPU
		{2D7BC39F-3616-4202-AE69-2D7BB7DE24E3}.Debug|Any CPU.Build.0 = Debug|Any CPU
		{2D7BC39F-3616-4202-AE69-2D7BB7DE24E3}.Release|Any CPU.ActiveCfg = Release|Any CPU
		{2D7BC39F-3616-4202-AE69-2D7BB7DE24E3}.Release|Any CPU.Build.0 = Release|Any CPU
	EndGlobalSection
	GlobalSection(SolutionProperties) = preSolution
		HideSolutionNode = FALSE
	EndGlobalSection
	GlobalSection(ExtensibilityGlobals) = postSolution
		SolutionGuid = {8871FFEB-3749-4258-8931-9A0B78799B77}
	EndGlobalSection
EndGlobal
